
Microsoft Visual Studio Solution File, Format Version 12.00
# Visual Studio Version 16
VisualStudioVersion = 16.0.29613.14
MinimumVisualStudioVersion = 10.0.40219.1
Project("{8BC9CEB8-8B4A-11D0-8D11-00A0C91BC942}") = "server", "server.vcxproj", "{DD19F045-850B-4CF9-BBA9-95E28CDA810C}"
EndProject
Global
	GlobalSection(SolutionConfigurationPlatforms) = preSolution
		Debug|x64 = Debug|x64
		Debug|x86 = Debug|x86
		Release|x64 = Release|x64
		Release|x86 = Release|x86
	EndGlobalSection
	GlobalSection(ProjectConfigurationPlatforms) = postSolution
		{DD19F045-850B-4CF9-BBA9-95E28CDA810C}.Debug|x64.ActiveCfg = Debug|x64
		{DD19F045-850B-4CF9-BBA9-95E28CDA810C}.Debug|x64.Build.0 = Debug|x64
		{DD19F045-850B-4CF9-BBA9-95E28CDA810C}.Debug|x86.ActiveCfg = Debug|Win32
		{DD19F045-850B-4CF9-BBA9-95E28CDA810C}.Debug|x86.Build.0 = Debug|Win32
		{DD19F045-850B-4CF9-BBA9-95E28CDA810C}.Release|x64.ActiveCfg = Release|x64
		{DD19F045-850B-4CF9-BBA9-95E28CDA810C}.Release|x64.Build.0 = Release|x64
		{DD19F045-850B-4CF9-BBA9-95E28CDA810C}.Release|x86.ActiveCfg = Release|Win32
		{DD19F045-850B-4CF9-BBA9-95E28CDA810C}.Release|x86.Build.0 = Release|Win32
	EndGlobalSection
	GlobalSection(SolutionProperties) = preSolution
		HideSolutionNode = FALSE
	EndGlobalSection
	GlobalSection(ExtensibilityGlobals) = postSolution
		SolutionGuid = {A00150F1-A785-444D-9B20-693B18A7C646}
	EndGlobalSection
EndGlobal
